
Microsoft Visual Studio Solution File, Format Version 12.00
# Visual Studio Version 17
VisualStudioVersion = 17.5.33209.295
MinimumVisualStudioVersion = 10.0.40219.1
Project("{FAE04EC0-301F-11D3-BF4B-00C04F79EFBC}") = "ThumbnailGenerator", "ThumbnailGenerator.csproj", "{9CE8D382-2305-41A9-BDB2-70BE88E7DF99}"
EndProject
Global
	GlobalSection(SolutionConfigurationPlatforms) = preSolution
		Debug|Any CPU = Debug|Any CPU
		Release|Any CPU = Release|Any CPU
	EndGlobalSection
	GlobalSection(ProjectConfigurationPlatforms) = postSolution
		{9CE8D382-2305-41A9-BDB2-70BE88E7DF99}.Debug|Any CPU.ActiveCfg = Debug|Any CPU
		{9CE8D382-2305-41A9-BDB2-70BE88E7DF99}.Debug|Any CPU.Build.0 = Debug|Any CPU
		{9CE8D382-2305-41A9-BDB2-70BE88E7DF99}.Release|Any CPU.ActiveCfg = Release|Any CPU
		{9CE8D382-2305-41A9-BDB2-70BE88E7DF99}.Release|Any CPU.Build.0 = Release|Any CPU
	EndGlobalSection
	GlobalSection(SolutionProperties) = preSolution
		HideSolutionNode = FALSE
	EndGlobalSection
	GlobalSection(ExtensibilityGlobals) = postSolution
		SolutionGuid = {27859FD3-B0A6-49FD-86A2-A420E90E8D09}
	EndGlobalSection
EndGlobal
